Microsoft Visual Studio Solution File, Format Version 12.00
# Visual Studio Version 17
VisualStudioVersion = 17.5.2.0
MinimumVisualStudioVersion = 10.0.40219.1
Project("{FAE04EC0-301F-11D3-BF4B-00C04F79EFBC}") = "ObservabilityExample", "ObservabilityExample\ObservabilityExample.csproj", "{90BC4D14-2E81-EBC8-22CC-E79A82AB57FB}"
EndProject
Global
	GlobalSection(SolutionConfigurationPlatforms) = preSolution
		Debug|Any CPU = Debug|Any CPU
		Release|Any CPU = Release|Any CPU
	EndGlobalSection
	GlobalSection(ProjectConfigurationPlatforms) = postSolution
		{90BC4D14-2E81-EBC8-22CC-E79A82AB57FB}.Debug|Any CPU.ActiveCfg = Debug|Any CPU
		{90BC4D14-2E81-EBC8-22CC-E79A82AB57FB}.Debug|Any CPU.Build.0 = Debug|Any CPU
		{90BC4D14-2E81-EBC8-22CC-E79A82AB57FB}.Release|Any CPU.ActiveCfg = Release|Any CPU
		{90BC4D14-2E81-EBC8-22CC-E79A82AB57FB}.Release|Any CPU.Build.0 = Release|Any CPU
	EndGlobalSection
	GlobalSection(SolutionProperties) = preSolution
		HideSolutionNode = FALSE
	EndGlobalSection
	GlobalSection(ExtensibilityGlobals) = postSolution
		SolutionGuid = {E8C2AFAE-4171-41AB-B0BF-D5EDE6E0CAAB}
	EndGlobalSection
EndGlobal
